
Microsoft Visual Studio Solution File, Format Version 12.00
# Visual Studio 15
VisualStudioVersion = 15.0.28307.106
MinimumVisualStudioVersion = 10.0.40219.1
Project("{FAE04EC0-301F-11D3-BF4B-00C04F79EFBC}") = "ConsoleApp2", "ConsoleApp2\ConsoleApp2.csproj", "{BFD9A791-AA03-48D5-B571-B48D59BA9063}"
EndProject
Global
	GlobalSection(SolutionConfigurationPlatforms) = preSolution
		Debug|Any CPU = Debug|Any CPU
		Release|Any CPU = Release|Any CPU
	EndGlobalSection
	GlobalSection(ProjectConfigurationPlatforms) = postSolution
		{BFD9A791-AA03-48D5-B571-B48D59BA9063}.Debug|Any CPU.ActiveCfg = Debug|Any CPU
		{BFD9A791-AA03-48D5-B571-B48D59BA9063}.Debug|Any CPU.Build.0 = Debug|Any CPU
		{BFD9A791-AA03-48D5-B571-B48D59BA9063}.Release|Any CPU.ActiveCfg = Release|Any CPU
		{BFD9A791-AA03-48D5-B571-B48D59BA9063}.Release|Any CPU.Build.0 = Release|Any CPU
	EndGlobalSection
	GlobalSection(SolutionProperties) = preSolution
		HideSolutionNode = FALSE
	EndGlobalSection
	GlobalSection(ExtensibilityGlobals) = postSolution
		SolutionGuid = {5181D754-B9CF-4613-8D3B-E445202348C3}
	EndGlobalSection
EndGlobal
