
Microsoft Visual Studio Solution File, Format Version 12.00
# Visual Studio 15
VisualStudioVersion = 15.0.28307.106
MinimumVisualStudioVersion = 10.0.40219.1
Project("{FAE04EC0-301F-11D3-BF4B-00C04F79EFBC}") = "ShallowCopyTest", "ShallowCopyTest\ShallowCopyTest.csproj", "{D42E59FD-1A1A-4386-A592-78E6870C4E01}"
EndProject
Global
	GlobalSection(SolutionConfigurationPlatforms) = preSolution
		Debug|Any CPU = Debug|Any CPU
		Release|Any CPU = Release|Any CPU
	EndGlobalSection
	GlobalSection(ProjectConfigurationPlatforms) = postSolution
		{D42E59FD-1A1A-4386-A592-78E6870C4E01}.Debug|Any CPU.ActiveCfg = Debug|Any CPU
		{D42E59FD-1A1A-4386-A592-78E6870C4E01}.Debug|Any CPU.Build.0 = Debug|Any CPU
		{D42E59FD-1A1A-4386-A592-78E6870C4E01}.Release|Any CPU.ActiveCfg = Release|Any CPU
		{D42E59FD-1A1A-4386-A592-78E6870C4E01}.Release|Any CPU.Build.0 = Release|Any CPU
	EndGlobalSection
	GlobalSection(SolutionProperties) = preSolution
		HideSolutionNode = FALSE
	EndGlobalSection
	GlobalSection(ExtensibilityGlobals) = postSolution
		SolutionGuid = {5452F902-DA23-476E-8494-CC33C1C4D61E}
	EndGlobalSection
EndGlobal
