
Microsoft Visual Studio Solution File, Format Version 12.00
# Visual Studio 15
VisualStudioVersion = 15.0.28307.106
MinimumVisualStudioVersion = 10.0.40219.1
Project("{FAE04EC0-301F-11D3-BF4B-00C04F79EFBC}") = "OleDbGridTest", "OleDbGridTest\OleDbGridTest.csproj", "{A7F59730-2626-48C9-8F33-AF63D97F6FD2}"
EndProject
Global
	GlobalSection(SolutionConfigurationPlatforms) = preSolution
		Debug|Any CPU = Debug|Any CPU
		Release|Any CPU = Release|Any CPU
	EndGlobalSection
	GlobalSection(ProjectConfigurationPlatforms) = postSolution
		{A7F59730-2626-48C9-8F33-AF63D97F6FD2}.Debug|Any CPU.ActiveCfg = Debug|Any CPU
		{A7F59730-2626-48C9-8F33-AF63D97F6FD2}.Debug|Any CPU.Build.0 = Debug|Any CPU
		{A7F59730-2626-48C9-8F33-AF63D97F6FD2}.Release|Any CPU.ActiveCfg = Release|Any CPU
		{A7F59730-2626-48C9-8F33-AF63D97F6FD2}.Release|Any CPU.Build.0 = Release|Any CPU
	EndGlobalSection
	GlobalSection(SolutionProperties) = preSolution
		HideSolutionNode = FALSE
	EndGlobalSection
	GlobalSection(ExtensibilityGlobals) = postSolution
		SolutionGuid = {144860C7-5BB7-4EA1-9E40-35705E66C114}
	EndGlobalSection
EndGlobal
