
Microsoft Visual Studio Solution File, Format Version 12.00
# Visual Studio 15
VisualStudioVersion = 15.0.28307.106
MinimumVisualStudioVersion = 10.0.40219.1
Project("{FAE04EC0-301F-11D3-BF4B-00C04F79EFBC}") = "ChatClient", "ChatClient\ChatClient.csproj", "{CD7501F2-5AD7-4371-B766-6060A42DC8D9}"
EndProject
Global
	GlobalSection(SolutionConfigurationPlatforms) = preSolution
		Debug|Any CPU = Debug|Any CPU
		Release|Any CPU = Release|Any CPU
	EndGlobalSection
	GlobalSection(ProjectConfigurationPlatforms) = postSolution
		{CD7501F2-5AD7-4371-B766-6060A42DC8D9}.Debug|Any CPU.ActiveCfg = Debug|Any CPU
		{CD7501F2-5AD7-4371-B766-6060A42DC8D9}.Debug|Any CPU.Build.0 = Debug|Any CPU
		{CD7501F2-5AD7-4371-B766-6060A42DC8D9}.Release|Any CPU.ActiveCfg = Release|Any CPU
		{CD7501F2-5AD7-4371-B766-6060A42DC8D9}.Release|Any CPU.Build.0 = Release|Any CPU
	EndGlobalSection
	GlobalSection(SolutionProperties) = preSolution
		HideSolutionNode = FALSE
	EndGlobalSection
	GlobalSection(ExtensibilityGlobals) = postSolution
		SolutionGuid = {E7D1276B-82EF-4337-91CB-4689275C65CC}
	EndGlobalSection
EndGlobal
