
Microsoft Visual Studio Solution File, Format Version 12.00
# Visual Studio 15
VisualStudioVersion = 15.0.28307.106
MinimumVisualStudioVersion = 10.0.40219.1
Project("{FAE04EC0-301F-11D3-BF4B-00C04F79EFBC}") = "DelegateTest4", "DelegateTest4\DelegateTest4.csproj", "{C7C7376B-9E61-4BF4-85D1-D79C1239428F}"
EndProject
Global
	GlobalSection(SolutionConfigurationPlatforms) = preSolution
		Debug|Any CPU = Debug|Any CPU
		Release|Any CPU = Release|Any CPU
	EndGlobalSection
	GlobalSection(ProjectConfigurationPlatforms) = postSolution
		{C7C7376B-9E61-4BF4-85D1-D79C1239428F}.Debug|Any CPU.ActiveCfg = Debug|Any CPU
		{C7C7376B-9E61-4BF4-85D1-D79C1239428F}.Debug|Any CPU.Build.0 = Debug|Any CPU
		{C7C7376B-9E61-4BF4-85D1-D79C1239428F}.Release|Any CPU.ActiveCfg = Release|Any CPU
		{C7C7376B-9E61-4BF4-85D1-D79C1239428F}.Release|Any CPU.Build.0 = Release|Any CPU
	EndGlobalSection
	GlobalSection(SolutionProperties) = preSolution
		HideSolutionNode = FALSE
	EndGlobalSection
	GlobalSection(ExtensibilityGlobals) = postSolution
		SolutionGuid = {034250C3-65B2-4375-AB77-8BB96F64BD87}
	EndGlobalSection
EndGlobal
