
Microsoft Visual Studio Solution File, Format Version 12.00
# Visual Studio 15
VisualStudioVersion = 15.0.28307.106
MinimumVisualStudioVersion = 10.0.40219.1
Project("{FAE04EC0-301F-11D3-BF4B-00C04F79EFBC}") = "Shapes", "Shapes\Shapes.csproj", "{12DDBC99-8372-491A-A88D-399A9A0172EF}"
EndProject
Global
	GlobalSection(SolutionConfigurationPlatforms) = preSolution
		Debug|Any CPU = Debug|Any CPU
		Release|Any CPU = Release|Any CPU
	EndGlobalSection
	GlobalSection(ProjectConfigurationPlatforms) = postSolution
		{12DDBC99-8372-491A-A88D-399A9A0172EF}.Debug|Any CPU.ActiveCfg = Debug|Any CPU
		{12DDBC99-8372-491A-A88D-399A9A0172EF}.Debug|Any CPU.Build.0 = Debug|Any CPU
		{12DDBC99-8372-491A-A88D-399A9A0172EF}.Release|Any CPU.ActiveCfg = Release|Any CPU
		{12DDBC99-8372-491A-A88D-399A9A0172EF}.Release|Any CPU.Build.0 = Release|Any CPU
	EndGlobalSection
	GlobalSection(SolutionProperties) = preSolution
		HideSolutionNode = FALSE
	EndGlobalSection
	GlobalSection(ExtensibilityGlobals) = postSolution
		SolutionGuid = {C3B165F3-2E87-418D-9958-71CD218A556D}
	EndGlobalSection
EndGlobal
